// !$*UTF8*$!
{
	archiveVersion = 1;
	classes = {
	};
	objectVersion = 46;
	objects = {

/* Begin PBXBuildFile section */
		ED7E05951E1358AC00E61087 /* DanmuManager.swift in Sources */ = {isa = PBXBuildFile; fileRef = ED7E05941E1358AC00E61087 /* DanmuManager.swift */; };
		ED7E05971E1358D000E61087 /* DanmuModel.swift in Sources */ = {isa = PBXBuildFile; fileRef = ED7E05961E1358D000E61087 /* DanmuModel.swift */; };
		ED7E059A1E1392A600E61087 /* VideoDanmuTestViewController.swift in Sources */ = {isa = PBXBuildFile; fileRef = ED7E05991E1392A600E61087 /* VideoDanmuTestViewController.swift */; };
		ED7E05BF1E14DFE700E61087 /* PauseableTimer.swift in Sources */ = {isa = PBXBuildFile; fileRef = ED7E05BE1E14DFE700E61087 /* PauseableTimer.swift */; };
		ED7E05C21E14F5FC00E61087 /* VideoDanmuManager.swift in Sources */ = {isa = PBXBuildFile; fileRef = ED7E05C11E14F5FC00E61087 /* VideoDanmuManager.swift */; };
		ED7E05C61E1B551000E61087 /* test.m4v in Resources */ = {isa = PBXBuildFile; fileRef = ED7E05C51E1B53FB00E61087 /* test.m4v */; };
		ED7E05C81E1B761D00E61087 /* DanmuMangerTestViewController.swift in Sources */ = {isa = PBXBuildFile; fileRef = ED7E05C71E1B761D00E61087 /* DanmuMangerTestViewController.swift */; };
		ED9AECF21E11FBBB00FB367D /* AppDelegate.swift in Sources */ = {isa = PBXBuildFile; fileRef = ED9AECF11E11FBBB00FB367D /* AppDelegate.swift */; };
		ED9AECF71E11FBBB00FB367D /* Main.storyboard in Resources */ = {isa = PBXBuildFile; fileRef = ED9AECF51E11FBBB00FB367D /* Main.storyboard */; };
		ED9AECF91E11FBBB00FB367D /* Assets.xcassets in Resources */ = {isa = PBXBuildFile; fileRef = ED9AECF81E11FBBB00FB367D /* Assets.xcassets */; };
		ED9AECFC1E11FBBB00FB367D /* LaunchScreen.storyboard in Resources */ = {isa = PBXBuildFile; fileRef = ED9AECFA1E11FBBB00FB367D /* LaunchScreen.storyboard */; };
/* End PBXBuildFile section */

/* Begin PBXFileReference section */
		ED7E05941E1358AC00E61087 /* DanmuManager.swift */ = {isa = PBXFileReference; fileEncoding = 4; lastKnownFileType = sourcecode.swift; path = DanmuManager.swift; sourceTree = "<group>"; };
		ED7E05961E1358D000E61087 /* DanmuModel.swift */ = {isa = PBXFileReference; fileEncoding = 4; lastKnownFileType = sourcecode.swift; path = DanmuModel.swift; sourceTree = "<group>"; };
		ED7E05991E1392A600E61087 /* VideoDanmuTestViewController.swift */ = {isa = PBXFileReference; fileEncoding = 4; lastKnownFileType = sourcecode.swift; path = VideoDanmuTestViewController.swift; sourceTree = "<group>"; };
		ED7E05BE1E14DFE700E61087 /* PauseableTimer.swift */ = {isa = PBXFileReference; fileEncoding = 4; lastKnownFileType = sourcecode.swift; path = PauseableTimer.swift; sourceTree = "<group>"; };
		ED7E05C11E14F5FC00E61087 /* VideoDanmuManager.swift */ = {isa = PBXFileReference; fileEncoding = 4; lastKnownFileType = sourcecode.swift; path = VideoDanmuManager.swift; sourceTree = "<group>"; };
		ED7E05C51E1B53FB00E61087 /* test.m4v */ = {isa = PBXFileReference; lastKnownFileType = file; path = test.m4v; sourceTree = "<group>"; };
		ED7E05C71E1B761D00E61087 /* DanmuMangerTestViewController.swift */ = {isa = PBXFileReference; fileEncoding = 4; lastKnownFileType = sourcecode.swift; path = DanmuMangerTestViewController.swift; sourceTree = "<group>"; };
		ED9AECEE1E11FBBB00FB367D /* Danmu.app */ = {isa = PBXFileReference; explicitFileType = wrapper.application; includeInIndex = 0; path = Danmu.app; sourceTree = BUILT_PRODUCTS_DIR; };
		ED9AECF11E11FBBB00FB367D /* AppDelegate.swift */ = {isa = PBXFileReference; lastKnownFileType = sourcecode.swift; path = AppDelegate.swift; sourceTree = "<group>"; };
		ED9AECF61E11FBBB00FB367D /* Base */ = {isa = PBXFileReference; lastKnownFileType = file.storyboard; name = Base; path = Base.lproj/Main.storyboard; sourceTree = "<group>"; };
		ED9AECF81E11FBBB00FB367D /* Assets.xcassets */ = {isa = PBXFileReference; lastKnownFileType = folder.assetcatalog; path = Assets.xcassets; sourceTree = "<group>"; };
		ED9AECFB1E11FBBB00FB367D /* Base */ = {isa = PBXFileReference; lastKnownFileType = file.storyboard; name = Base; path = Base.lproj/LaunchScreen.storyboard; sourceTree = "<group>"; };
		ED9AECFD1E11FBBB00FB367D /* Info.plist */ = {isa = PBXFileReference; lastKnownFileType = text.plist.xml; path = Info.plist; sourceTree = "<group>"; };
/* End PBXFileReference section */

/* Begin PBXFrameworksBuildPhase section */
		ED9AECEB1E11FBBB00FB367D /* Frameworks */ = {
			isa = PBXFrameworksBuildPhase;
			buildActionMask = 2147483647;
			files = (
			);
			runOnlyForDeploymentPostprocessing = 0;
		};
/* End PBXFrameworksBuildPhase section */

/* Begin PBXGroup section */
		ED7E05911E134DAF00E61087 /* Danmu */ = {
			isa = PBXGroup;
			children = (
				ED7E05941E1358AC00E61087 /* DanmuManager.swift */,
				ED7E05961E1358D000E61087 /* DanmuModel.swift */,
				ED7E05C11E14F5FC00E61087 /* VideoDanmuManager.swift */,
				ED7E05C91E1B7A3600E61087 /* PauseableTimer */,
			);
			name = Danmu;
			sourceTree = "<group>";
		};
		ED7E05981E13927900E61087 /* Tests */ = {
			isa = PBXGroup;
			children = (
				ED7E05C71E1B761D00E61087 /* DanmuMangerTestViewController.swift */,
				ED7E05991E1392A600E61087 /* VideoDanmuTestViewController.swift */,
				ED9AECF51E11FBBB00FB367D /* Main.storyboard */,
				ED7E05C51E1B53FB00E61087 /* test.m4v */,
			);
			name = Tests;
			sourceTree = "<group>";
		};
		ED7E05C91E1B7A3600E61087 /* PauseableTimer */ = {
			isa = PBXGroup;
			children = (
				ED7E05BE1E14DFE700E61087 /* PauseableTimer.swift */,
			);
			name = PauseableTimer;
			sourceTree = "<group>";
		};
		ED9AECE51E11FBBB00FB367D = {
			isa = PBXGroup;
			children = (
				ED9AECF01E11FBBB00FB367D /* Danmu */,
				ED9AECEF1E11FBBB00FB367D /* Products */,
			);
			sourceTree = "<group>";
		};
		ED9AECEF1E11FBBB00FB367D /* Products */ = {
			isa = PBXGroup;
			children = (
				ED9AECEE1E11FBBB00FB367D /* Danmu.app */,
			);
			name = Products;
			sourceTree = "<group>";
		};
		ED9AECF01E11FBBB00FB367D /* Danmu */ = {
			isa = PBXGroup;
			children = (
				ED7E05981E13927900E61087 /* Tests */,
				ED7E05911E134DAF00E61087 /* Danmu */,
				ED9AECF11E11FBBB00FB367D /* AppDelegate.swift */,
				ED9AECF81E11FBBB00FB367D /* Assets.xcassets */,
				ED9AECFA1E11FBBB00FB367D /* LaunchScreen.storyboard */,
				ED9AECFD1E11FBBB00FB367D /* Info.plist */,
			);
			path = Danmu;
			sourceTree = "<group>";
		};
/* End PBXGroup section */

/* Begin PBXNativeTarget section */
		ED9AECED1E11FBBB00FB367D /* Danmu */ = {
			isa = PBXNativeTarget;
			buildConfigurationList = ED9AED001E11FBBB00FB367D /* Build configuration list for PBXNativeTarget "Danmu" */;
			buildPhases = (
				ED9AECEA1E11FBBB00FB367D /* Sources */,
				ED9AECEB1E11FBBB00FB367D /* Frameworks */,
				ED9AECEC1E11FBBB00FB367D /* Resources */,
			);
			buildRules = (
			);
			dependencies = (
			);
			name = Danmu;
			productName = Danmu;
			productReference = ED9AECEE1E11FBBB00FB367D /* Danmu.app */;
			productType = "com.apple.product-type.application";
		};
/* End PBXNativeTarget section */

/* Begin PBXProject section */
		ED9AECE61E11FBBB00FB367D /* Project object */ = {
			isa = PBXProject;
			attributes = {
				LastSwiftUpdateCheck = 0810;
				LastUpgradeCheck = 0810;
				ORGANIZATIONNAME = Lahk;
				TargetAttributes = {
					ED9AECED1E11FBBB00FB367D = {
						CreatedOnToolsVersion = 8.1;
						DevelopmentTeam = SLMFH6GDG4;
						ProvisioningStyle = Automatic;
					};
				};
			};
			buildConfigurationList = ED9AECE91E11FBBB00FB367D /* Build configuration list for PBXProject "Danmu" */;
			compatibilityVersion = "Xcode 3.2";
			developmentRegion = English;
			hasScannedForEncodings = 0;
			knownRegions = (
				en,
				Base,
			);
			mainGroup = ED9AECE51E11FBBB00FB367D;
			productRefGroup = ED9AECEF1E11FBBB00FB367D /* Products */;
			projectDirPath = "";
			projectRoot = "";
			targets = (
				ED9AECED1E11FBBB00FB367D /* Danmu */,
			);
		};
/* End PBXProject section */

/* Begin PBXResourcesBuildPhase section */
		ED9AECEC1E11FBBB00FB367D /* Resources */ = {
			isa = PBXResourcesBuildPhase;
			buildActionMask = 2147483647;
			files = (
				ED7E05C61E1B551000E61087 /* test.m4v in Resources */,
				ED9AECFC1E11FBBB00FB367D /* LaunchScreen.storyboard in Resources */,
				ED9AECF91E11FBBB00FB367D /* Assets.xcassets in Resources */,
				ED9AECF71E11FBBB00FB367D /* Main.storyboard in Resources */,
			);
			runOnlyForDeploymentPostprocessing = 0;
		};
/* End PBXResourcesBuildPhase section */

/* Begin PBXSourcesBuildPhase section */
		ED9AECEA1E11FBBB00FB367D /* Sources */ = {
			isa = PBXSourcesBuildPhase;
			buildActionMask = 2147483647;
			files = (
				ED7E05C81E1B761D00E61087 /* DanmuMangerTestViewController.swift in Sources */,
				ED7E05951E1358AC00E61087 /* DanmuManager.swift in Sources */,
				ED7E059A1E1392A600E61087 /* VideoDanmuTestViewController.swift in Sources */,
				ED7E05C21E14F5FC00E61087 /* VideoDanmuManager.swift in Sources */,
				ED7E05971E1358D000E61087 /* DanmuModel.swift in Sources */,
				ED7E05BF1E14DFE700E61087 /* PauseableTimer.swift in Sources */,
				ED9AECF21E11FBBB00FB367D /* AppDelegate.swift in Sources */,
			);
			runOnlyForDeploymentPostprocessing = 0;
		};
/* End PBXSourcesBuildPhase section */

/* Begin PBXVariantGroup section */
		ED9AECF51E11FBBB00FB367D /* Main.storyboard */ = {
			isa = PBXVariantGroup;
			children = (
				ED9AECF61E11FBBB00FB367D /* Base */,
			);
			name = Main.storyboard;
			sourceTree = "<group>";
		};
		ED9AECFA1E11FBBB00FB367D /* LaunchScreen.storyboard */ = {
			isa = PBXVariantGroup;
			children = (
				ED9AECFB1E11FBBB00FB367D /* Base */,
			);
			name = LaunchScreen.storyboard;
			sourceTree = "<group>";
		};
/* End PBXVariantGroup section */

/* Begin XCBuildConfiguration section */
		ED9AECFE1E11FBBB00FB367D /* Debug */ = {
			isa = XCBuildConfiguration;
			buildSettings = {
				ALWAYS_SEARCH_USER_PATHS = NO;
				CLANG_ANALYZER_NONNULL = YES;
				CLANG_CXX_LANGUAGE_STANDARD = "gnu++0x";
				CLANG_CXX_LIBRARY = "libc++";
				CLANG_ENABLE_MODULES = YES;
				CLANG_ENABLE_OBJC_ARC = YES;
				CLANG_WARN_BOOL_CONVERSION = YES;
				CLANG_WARN_CONSTANT_CONVERSION = YES;
				CLANG_WARN_DIRECT_OBJC_ISA_USAGE = YES_ERROR;
				CLANG_WARN_DOCUMENTATION_COMMENTS = YES;
				CLANG_WARN_EMPTY_BODY = YES;
				CLANG_WARN_ENUM_CONVERSION = YES;
				CLANG_WARN_INFINITE_RECURSION = YES;
				CLANG_WARN_INT_CONVERSION = YES;
				CLANG_WARN_OBJC_ROOT_CLASS = YES_ERROR;
				CLANG_WARN_SUSPICIOUS_MOVES = YES;
				CLANG_WARN_UNREACHABLE_CODE = YES;
				CLANG_WARN__DUPLICATE_METHOD_MATCH = YES;
				"CODE_SIGN_IDENTITY[sdk=iphoneos*]" = "iPhone Developer";
				COPY_PHASE_STRIP = NO;
				DEBUG_INFORMATION_FORMAT = dwarf;
				ENABLE_STRICT_OBJC_MSGSEND = YES;
				ENABLE_TESTABILITY = YES;
				GCC_C_LANGUAGE_STANDARD = gnu99;
				GCC_DYNAMIC_NO_PIC = NO;
				GCC_NO_COMMON_BLOCKS = YES;
				GCC_OPTIMIZATION_LEVEL = 0;
				GCC_PREPROCESSOR_DEFINITIONS = (
					"DEBUG=1",
					"$(inherited)",
				);
				GCC_WARN_64_TO_32_BIT_CONVERSION = YES;
				GCC_WARN_ABOUT_RETURN_TYPE = YES_ERROR;
				GCC_WARN_UNDECLARED_SELECTOR = YES;
				GCC_WARN_UNINITIALIZED_AUTOS = YES_AGGRESSIVE;
				GCC_WARN_UNUSED_FUNCTION = YES;
				GCC_WARN_UNUSED_VARIABLE = YES;
				IPHONEOS_DEPLOYMENT_TARGET = 10.1;
				MTL_ENABLE_DEBUG_INFO = YES;
				ONLY_ACTIVE_ARCH = YES;
				SDKROOT = iphoneos;
				SWIFT_ACTIVE_COMPILATION_CONDITIONS = DEBUG;
				SWIFT_OPTIMIZATION_LEVEL = "-Onone";
				TARGETED_DEVICE_FAMILY = "1,2";
			};
			name = Debug;
		};
		ED9AECFF1E11FBBB00FB367D /* Release */ = {
			isa = XCBuildConfiguration;
			buildSettings = {
				ALWAYS_SEARCH_USER_PATHS = NO;
				CLANG_ANALYZER_NONNULL = YES;
				CLANG_CXX_LANGUAGE_STANDARD = "gnu++0x";
				CLANG_CXX_LIBRARY = "libc++";
				CLANG_ENABLE_MODULES = YES;
				CLANG_ENABLE_OBJC_ARC = YES;
				CLANG_WARN_BOOL_CONVERSION = YES;
				CLANG_WARN_CONSTANT_CONVERSION = YES;
				CLANG_WARN_DIRECT_OBJC_ISA_USAGE = YES_ERROR;
				CLANG_WARN_DOCUMENTATION_COMMENTS = YES;
				CLANG_WARN_EMPTY_BODY = YES;
				CLANG_WARN_ENUM_CONVERSION = YES;
				CLANG_WARN_INFINITE_RECURSION = YES;
				CLANG_WARN_INT_CONVERSION = YES;
				CLANG_WARN_OBJC_ROOT_CLASS = YES_ERROR;
				CLANG_WARN_SUSPICIOUS_MOVES = YES;
				CLANG_WARN_UNREACHABLE_CODE = YES;
				CLANG_WARN__DUPLICATE_METHOD_MATCH = YES;
				"CODE_SIGN_IDENTITY[sdk=iphoneos*]" = "iPhone Developer";
				COPY_PHASE_STRIP = NO;
				DEBUG_INFORMATION_FORMAT = "dwarf-with-dsym";
				ENABLE_NS_ASSERTIONS = NO;
				ENABLE_STRICT_OBJC_MSGSEND = YES;
				GCC_C_LANGUAGE_STANDARD = gnu99;
				GCC_NO_COMMON_BLOCKS = YES;
				GCC_WARN_64_TO_32_BIT_CONVERSION = YES;
				GCC_WARN_ABOUT_RETURN_TYPE = YES_ERROR;
				GCC_WARN_UNDECLARED_SELECTOR = YES;
				GCC_WARN_UNINITIALIZED_AUTOS = YES_AGGRESSIVE;
				GCC_WARN_UNUSED_FUNCTION = YES;
				GCC_WARN_UNUSED_VARIABLE = YES;
				IPHONEOS_DEPLOYMENT_TARGET = 10.1;
				MTL_ENABLE_DEBUG_INFO = NO;
				SDKROOT = iphoneos;
				SWIFT_OPTIMIZATION_LEVEL = "-Owholemodule";
				TARGETED_DEVICE_FAMILY = "1,2";
				VALIDATE_PRODUCT = YES;
			};
			name = Release;
		};
		ED9AED011E11FBBB00FB367D /* Debug */ = {
			isa = XCBuildConfiguration;
			buildSettings = {
				ASSETCATALOG_COMPILER_APPICON_NAME = AppIcon;
				DEVELOPMENT_TEAM = SLMFH6GDG4;
				INFOPLIST_FILE = Danmu/Info.plist;
				LD_RUNPATH_SEARCH_PATHS = "$(inherited) @executable_path/Frameworks";
				PRODUCT_BUNDLE_IDENTIFIER = tech.lahk.Danmu;
				PRODUCT_NAME = "$(TARGET_NAME)";
				SWIFT_VERSION = 3.0;
			};
			name = Debug;
		};
		ED9AED021E11FBBB00FB367D /* Release */ = {
			isa = XCBuildConfiguration;
			buildSettings = {
				ASSETCATALOG_COMPILER_APPICON_NAME = AppIcon;
				DEVELOPMENT_TEAM = SLMFH6GDG4;
				INFOPLIST_FILE = Danmu/Info.plist;
				LD_RUNPATH_SEARCH_PATHS = "$(inherited) @executable_path/Frameworks";
				PRODUCT_BUNDLE_IDENTIFIER = tech.lahk.Danmu;
				PRODUCT_NAME = "$(TARGET_NAME)";
				SWIFT_VERSION = 3.0;
			};
			name = Release;
		};
/* End XCBuildConfiguration section */

/* Begin XCConfigurationList section */
		ED9AECE91E11FBBB00FB367D /* Build configuration list for PBXProject "Danmu" */ = {
			isa = XCConfigurationList;
			buildConfigurations = (
				ED9AECFE1E11FBBB00FB367D /* Debug */,
				ED9AECFF1E11FBBB00FB367D /* Release */,
			);
			defaultConfigurationIsVisible = 0;
			defaultConfigurationName = Release;
		};
		ED9AED001E11FBBB00FB367D /* Build configuration list for PBXNativeTarget "Danmu" */ = {
			isa = XCConfigurationList;
			buildConfigurations = (
				ED9AED011E11FBBB00FB367D /* Debug */,
				ED9AED021E11FBBB00FB367D /* Release */,
			);
			defaultConfigurationIsVisible = 0;
			defaultConfigurationName = Release;
		};
/* End XCConfigurationList section */
	};
	rootObject = ED9AECE61E11FBBB00FB367D /* Project object */;
}
